# THIS IS AN AUTOGENERATED FILE. DO NOT EDIT THIS FILE DIRECTLY.
# yarn lockfile v1


"@octokit/auth-token@^4.0.0":
  version "4.0.0"

"@octokit/core@^5", "@octokit/core@^5.0.2", "@octokit/core@>=5", "@octokit/core@5":
  version "5.2.2"
  dependencies:
    "@octokit/auth-token" "^4.0.0"
    "@octokit/graphql" "^7.1.0"
    "@octokit/request" "^8.4.1"
    "@octokit/request-error" "^5.1.1"
    "@octokit/types" "^13.0.0"
    before-after-hook "^2.2.0"
    universal-user-agent "^6.0.0"

"@octokit/endpoint@^9.0.6":
  version "9.0.6"
  dependencies:
    "@octokit/types" "^13.1.0"
    universal-user-agent "^6.0.0"

"@octokit/graphql@^7.1.0", "@octokit/graphql@^7.1.1":
  version "7.1.1"
  dependencies:
    "@octokit/request" "^8.4.1"
    "@octokit/types" "^13.0.0"
    universal-user-agent "^6.0.0"

"@octokit/openapi-types@^24.2.0":
  version "24.2.0"

"@octokit/plugin-paginate-rest@11.4.4-cjs.2":
  version "11.4.4-cjs.2"
  dependencies:
    "@octokit/types" "^13.7.0"

"@octokit/plugin-request-log@^4.0.0":
  version "4.0.0"

"@octokit/plugin-rest-endpoint-methods@13.3.2-cjs.1":
  version "13.3.2-cjs.1"
  dependencies:
    "@octokit/types" "^13.8.0"

"@octokit/request-error@^5.1.1":
  version "5.1.1"
  dependencies:
    "@octokit/types" "^13.1.0"
    deprecation "^2.0.0"
    once "^1.4.0"

"@octokit/request@^8.4.1":
  version "8.4.1"
  dependencies:
    "@octokit/endpoint" "^9.0.6"
    "@octokit/request-error" "^5.1.1"
    "@octokit/types" "^13.1.0"
    universal-user-agent "^6.0.0"

"@octokit/rest@^20.1.1":
  version "20.1.2"
  dependencies:
    "@octokit/core" "^5.0.2"
    "@octokit/plugin-paginate-rest" "11.4.4-cjs.2"
    "@octokit/plugin-request-log" "^4.0.0"
    "@octokit/plugin-rest-endpoint-methods" "13.3.2-cjs.1"

"@octokit/types@^13.0.0", "@octokit/types@^13.1.0", "@octokit/types@^13.7.0", "@octokit/types@^13.8.0":
  version "13.10.0"
  dependencies:
    "@octokit/openapi-types" "^24.2.0"

"@types/node@^20.11.30":
  version "20.19.19"
  dependencies:
    undici-types "~6.21.0"

before-after-hook@^2.2.0:
  version "2.2.3"

deprecation@^2.0.0:
  version "2.3.1"

dotenv@^16.4.5:
  version "16.6.1"

once@^1.4.0:
  version "1.4.0"
  dependencies:
    wrappy "1"

p-limit@^5.0.0:
  version "5.0.0"
  dependencies:
    yocto-queue "^1.0.0"

twitter-api-v2@^1.17.0:
  version "1.27.0"

typescript@^5.6.2:
  version "5.9.3"

undici-types@~6.21.0:
  version "6.21.0"

universal-user-agent@^6.0.0:
  version "6.0.1"

wrappy@1:
  version "1.0.2"

yocto-queue@^1.0.0:
  version "1.2.1"

zod@^3.23.8:
  version "3.25.76"
